<?xml version="1.0" encoding="utf-8"?>
<Project ToolsVersion="4.0" xmlns="http://schemas.microsoft.com/developer/msbuild/2003">
  <ItemGroup>
    <ClCompile Include="test.cpp" />
    <ClCompile Include="pch.cpp">
      <Filter>PCH</Filter>
    </ClCompile>
  </ItemGroup>
  <ItemGroup>
    <Filter Include="PCH">
      <UniqueIdentifier>{0299cdc8-b479-4b09-acfc-f8b724c017ad}</UniqueIdentifier>
    </Filter>
    <Filter Include="Fixtures">
      <UniqueIdentifier>{a10a4b3d-0cf9-47f0-b6da-79be3e02fb3d}</UniqueIdentifier>
    </Filter>
  </ItemGroup>
  <ItemGroup>
    <ClInclude Include="pch.h">
      <Filter>PCH</Filter>
    </ClInclude>
    <ClInclude Include="data_Test.hpp">
      <Filter>Fixtures</Filter>
    </ClInclude>
    <ClInclude Include="base_Test.hpp">
      <Filter>Fixtures</Filter>
    </ClInclude>
  </ItemGroup>
</Project>