<?xml version="1.0" encoding="utf-8"?>
<Project ToolsVersion="4.0" xmlns="http://schemas.microsoft.com/developer/msbuild/2003">
  <ItemGroup>
    <Filter Include="helpers">
      <UniqueIdentifier>{990465bd-43d6-4c54-b5f2-a74b438f76dd}</UniqueIdentifier>
    </Filter>
    <Filter Include="converters">
      <UniqueIdentifier>{20f64cfb-783e-4497-ae33-ff269ab5555f}</UniqueIdentifier>
    </Filter>
    <Filter Include="arithmetic">
      <UniqueIdentifier>{aedd9f37-19e3-4d33-a16b-5a0ce184bab7}</UniqueIdentifier>
    </Filter>
  </ItemGroup>
  <ItemGroup>
    <ClInclude Include="$(MSBuildThisFileDirectory)OutputHelper.hpp">
      <Filter>helpers</Filter>
    </ClInclude>
    <ClInclude Include="$(MSBuildThisFileDirectory)data.hpp">
      <Filter>converters</Filter>
    </ClInclude>
    <ClInclude Include="$(MSBuildThisFileDirectory)base.hpp">
      <Filter>converters</Filter>
    </ClInclude>
    <ClInclude Include="$(MSBuildThisFileDirectory)Printer.hpp">
      <Filter>helpers</Filter>
    </ClInclude>
    <ClInclude Include="$(MSBuildThisFileDirectory)ConverterColorPalette.hpp">
      <Filter>helpers</Filter>
    </ClInclude>
    <ClInclude Include="$(MSBuildThisFileDirectory)modulo.hpp">
      <Filter>arithmetic</Filter>
    </ClInclude>
  </ItemGroup>
</Project>